
Microsoft Visual Studio Solution File, Format Version 12.00
# Visual Studio Version 16
VisualStudioVersion = 16.0.30128.74
MinimumVisualStudioVersion = 10.0.40219.1
Project("{FAE04EC0-301F-11D3-BF4B-00C04F79EFBC}") = "ClaimsViewerWebPart", "ClaimsViewerWebPart\ClaimsViewerWebPart.csproj", "{806CE567-D247-49D7-BA7B-D195C5DA23BE}"
EndProject
Global
	GlobalSection(SolutionConfigurationPlatforms) = preSolution
		Debug|Any CPU = Debug|Any CPU
		Release|Any CPU = Release|Any CPU
	EndGlobalSection
	GlobalSection(ProjectConfigurationPlatforms) = postSolution
		{806CE567-D247-49D7-BA7B-D195C5DA23BE}.Debug|Any CPU.ActiveCfg = Debug|Any CPU
		{806CE567-D247-49D7-BA7B-D195C5DA23BE}.Debug|Any CPU.Build.0 = Debug|Any CPU
		{806CE567-D247-49D7-BA7B-D195C5DA23BE}.Debug|Any CPU.Deploy.0 = Debug|Any CPU
		{806CE567-D247-49D7-BA7B-D195C5DA23BE}.Release|Any CPU.ActiveCfg = Release|Any CPU
		{806CE567-D247-49D7-BA7B-D195C5DA23BE}.Release|Any CPU.Build.0 = Release|Any CPU
		{806CE567-D247-49D7-BA7B-D195C5DA23BE}.Release|Any CPU.Deploy.0 = Release|Any CPU
	EndGlobalSection
	GlobalSection(SolutionProperties) = preSolution
		HideSolutionNode = FALSE
	EndGlobalSection
	GlobalSection(ExtensibilityGlobals) = postSolution
		SolutionGuid = {B1840497-D132-4744-8384-3BC38EDD3769}
	EndGlobalSection
EndGlobal
